# THIS IS AN AUTOGENERATED FILE. DO NOT EDIT THIS FILE DIRECTLY.
# yarn lockfile v1


"@vuetify/cli-plugin-utils@^0.0.4":
  version "0.0.4"
  resolved "https://registry.yarnpkg.com/@vuetify/cli-plugin-utils/-/cli-plugin-utils-0.0.4.tgz#1c5cc2459b890373acdab65b861e2e754516b08f"
  integrity sha512-iCrAy6NT3Xp76YSuW8Q0pgb3LD7wocrZQr9kTIdQZjgysie1kkRjV3gCCrkcXALibidLmclj/7SfoFE3h27hlw==
